
Microsoft Visual Studio Solution File, Format Version 12.00
# Visual Studio Version 17
VisualStudioVersion = 17.5.33424.131
MinimumVisualStudioVersion = 10.0.40219.1
Project("{2150E333-8FDC-42A3-9474-1A3956D46DE8}") = "demo", "demo", "{D6886F17-FC9B-4178-B2A8-BA388BDA7B93}"
EndProject
Project("{2150E333-8FDC-42A3-9474-1A3956D46DE8}") = "src", "src", "{60CE142B-7F7B-4B7A-BAA6-A8828D354817}"
EndProject
Project("{9A19103F-16F7-4668-BE54-9A1E7A4F7556}") = "Demo", "demo\Demo.csproj", "{72175FB9-BBF8-4D88-B8D6-F88E9C2CF97A}"
EndProject
Project("{9A19103F-16F7-4668-BE54-9A1E7A4F7556}") = "FlexMessage", "src\FlexMessage.csproj", "{211A9DF6-8E33-436F-AD0A-4EC31E476FDC}"
EndProject
Global
	GlobalSection(SolutionConfigurationPlatforms) = preSolution
		Debug|Any CPU = Debug|Any CPU
		Release|Any CPU = Release|Any CPU
	EndGlobalSection
	GlobalSection(ProjectConfigurationPlatforms) = postSolution
		{72175FB9-BBF8-4D88-B8D6-F88E9C2CF97A}.Debug|Any CPU.ActiveCfg = Debug|Any CPU
		{72175FB9-BBF8-4D88-B8D6-F88E9C2CF97A}.Debug|Any CPU.Build.0 = Debug|Any CPU
		{72175FB9-BBF8-4D88-B8D6-F88E9C2CF97A}.Release|Any CPU.ActiveCfg = Release|Any CPU
		{72175FB9-BBF8-4D88-B8D6-F88E9C2CF97A}.Release|Any CPU.Build.0 = Release|Any CPU
		{211A9DF6-8E33-436F-AD0A-4EC31E476FDC}.Debug|Any CPU.ActiveCfg = Debug|Any CPU
		{211A9DF6-8E33-436F-AD0A-4EC31E476FDC}.Debug|Any CPU.Build.0 = Debug|Any CPU
		{211A9DF6-8E33-436F-AD0A-4EC31E476FDC}.Release|Any CPU.ActiveCfg = Release|Any CPU
		{211A9DF6-8E33-436F-AD0A-4EC31E476FDC}.Release|Any CPU.Build.0 = Release|Any CPU
	EndGlobalSection
	GlobalSection(SolutionProperties) = preSolution
		HideSolutionNode = FALSE
	EndGlobalSection
	GlobalSection(NestedProjects) = preSolution
		{211A9DF6-8E33-436F-AD0A-4EC31E476FDC} = {60CE142B-7F7B-4B7A-BAA6-A8828D354817}
		{72175FB9-BBF8-4D88-B8D6-F88E9C2CF97A} = {D6886F17-FC9B-4178-B2A8-BA388BDA7B93}
	EndGlobalSection
	GlobalSection(ExtensibilityGlobals) = postSolution
		SolutionGuid = {66A15FFC-9932-482C-A03B-47901FA3ED83}
	EndGlobalSection
EndGlobal
