
Microsoft Visual Studio Solution File, Format Version 12.00
# Visual Studio Version 17
VisualStudioVersion = 17.5.33424.131
MinimumVisualStudioVersion = 10.0.40219.1
Project("{FAE04EC0-301F-11D3-BF4B-00C04F79EFBC}") = "FlexMessage", "FlexMessage.csproj", "{4BD92A1F-1610-4567-9355-7323BF149EB5}"
EndProject
Project("{FAE04EC0-301F-11D3-BF4B-00C04F79EFBC}") = "Demo", "..\Demo\Demo.csproj", "{5F64F1B6-9C4F-4A40-8B54-7E5E216F51CF}"
EndProject
Global
	GlobalSection(SolutionConfigurationPlatforms) = preSolution
		Debug|Any CPU = Debug|Any CPU
		Release|Any CPU = Release|Any CPU
	EndGlobalSection
	GlobalSection(ProjectConfigurationPlatforms) = postSolution
		{4BD92A1F-1610-4567-9355-7323BF149EB5}.Debug|Any CPU.ActiveCfg = Debug|Any CPU
		{4BD92A1F-1610-4567-9355-7323BF149EB5}.Debug|Any CPU.Build.0 = Debug|Any CPU
		{4BD92A1F-1610-4567-9355-7323BF149EB5}.Release|Any CPU.ActiveCfg = Release|Any CPU
		{4BD92A1F-1610-4567-9355-7323BF149EB5}.Release|Any CPU.Build.0 = Release|Any CPU
		{5F64F1B6-9C4F-4A40-8B54-7E5E216F51CF}.Debug|Any CPU.ActiveCfg = Debug|Any CPU
		{5F64F1B6-9C4F-4A40-8B54-7E5E216F51CF}.Debug|Any CPU.Build.0 = Debug|Any CPU
		{5F64F1B6-9C4F-4A40-8B54-7E5E216F51CF}.Release|Any CPU.ActiveCfg = Release|Any CPU
		{5F64F1B6-9C4F-4A40-8B54-7E5E216F51CF}.Release|Any CPU.Build.0 = Release|Any CPU
	EndGlobalSection
	GlobalSection(SolutionProperties) = preSolution
		HideSolutionNode = FALSE
	EndGlobalSection
	GlobalSection(ExtensibilityGlobals) = postSolution
		SolutionGuid = {C1820362-909E-4DEA-B4F1-3CD4DB4566DF}
	EndGlobalSection
EndGlobal
